
Microsoft Visual Studio Solution File, Format Version 12.00
# Visual Studio 15
VisualStudioVersion = 15.0.27703.2018
MinimumVisualStudioVersion = 10.0.40219.1
Project("{FAE04EC0-301F-11D3-BF4B-00C04F79EFBC}") = "WebApplication1", "WebApplication1\WebApplication1.csproj", "{DAE315E2-168B-470D-8B8B-BA73E0D745BF}"
EndProject
Global
	GlobalSection(SolutionConfigurationPlatforms) = preSolution
		Debug|Any CPU = Debug|Any CPU
		Release|Any CPU = Release|Any CPU
	EndGlobalSection
	GlobalSection(ProjectConfigurationPlatforms) = postSolution
		{DAE315E2-168B-470D-8B8B-BA73E0D745BF}.Debug|Any CPU.ActiveCfg = Debug|Any CPU
		{DAE315E2-168B-470D-8B8B-BA73E0D745BF}.Debug|Any CPU.Build.0 = Debug|Any CPU
		{DAE315E2-168B-470D-8B8B-BA73E0D745BF}.Release|Any CPU.ActiveCfg = Release|Any CPU
		{DAE315E2-168B-470D-8B8B-BA73E0D745BF}.Release|Any CPU.Build.0 = Release|Any CPU
	EndGlobalSection
	GlobalSection(SolutionProperties) = preSolution
		HideSolutionNode = FALSE
	EndGlobalSection
	GlobalSection(ExtensibilityGlobals) = postSolution
		SolutionGuid = {4625C811-709B-4217-8B67-10270FB134A4}
	EndGlobalSection
EndGlobal
